
Microsoft Visual Studio Solution File, Format Version 12.00
# Visual Studio Version 16
VisualStudioVersion = 16.0.30309.148
MinimumVisualStudioVersion = 10.0.40219.1
Project("{FAE04EC0-301F-11D3-BF4B-00C04F79EFBC}") = "Ch06Ex05", "Ch06Ex05\Ch06Ex05.csproj", "{A57265D7-AC3E-4198-8543-C2DFB8D86E5C}"
EndProject
Global
	GlobalSection(SolutionConfigurationPlatforms) = preSolution
		Debug|Any CPU = Debug|Any CPU
		Release|Any CPU = Release|Any CPU
	EndGlobalSection
	GlobalSection(ProjectConfigurationPlatforms) = postSolution
		{A57265D7-AC3E-4198-8543-C2DFB8D86E5C}.Debug|Any CPU.ActiveCfg = Debug|Any CPU
		{A57265D7-AC3E-4198-8543-C2DFB8D86E5C}.Debug|Any CPU.Build.0 = Debug|Any CPU
		{A57265D7-AC3E-4198-8543-C2DFB8D86E5C}.Release|Any CPU.ActiveCfg = Release|Any CPU
		{A57265D7-AC3E-4198-8543-C2DFB8D86E5C}.Release|Any CPU.Build.0 = Release|Any CPU
	EndGlobalSection
	GlobalSection(SolutionProperties) = preSolution
		HideSolutionNode = FALSE
	EndGlobalSection
	GlobalSection(ExtensibilityGlobals) = postSolution
		SolutionGuid = {081282F6-47D8-4145-9520-D2DEEB032E3F}
	EndGlobalSection
EndGlobal
