
Microsoft Visual Studio Solution File, Format Version 12.00
# Visual Studio Version 16
VisualStudioVersion = 16.0.30309.148
MinimumVisualStudioVersion = 10.0.40219.1
Project("{FAE04EC0-301F-11D3-BF4B-00C04F79EFBC}") = "Ch03Ex01", "Ch03Ex01\Ch03Ex01.csproj", "{270F4759-68CE-444D-821E-2A66CD8EBEDC}"
EndProject
Global
	GlobalSection(SolutionConfigurationPlatforms) = preSolution
		Debug|Any CPU = Debug|Any CPU
		Release|Any CPU = Release|Any CPU
	EndGlobalSection
	GlobalSection(ProjectConfigurationPlatforms) = postSolution
		{270F4759-68CE-444D-821E-2A66CD8EBEDC}.Debug|Any CPU.ActiveCfg = Debug|Any CPU
		{270F4759-68CE-444D-821E-2A66CD8EBEDC}.Debug|Any CPU.Build.0 = Debug|Any CPU
		{270F4759-68CE-444D-821E-2A66CD8EBEDC}.Release|Any CPU.ActiveCfg = Release|Any CPU
		{270F4759-68CE-444D-821E-2A66CD8EBEDC}.Release|Any CPU.Build.0 = Release|Any CPU
	EndGlobalSection
	GlobalSection(SolutionProperties) = preSolution
		HideSolutionNode = FALSE
	EndGlobalSection
	GlobalSection(ExtensibilityGlobals) = postSolution
		SolutionGuid = {6AFCC0D0-D64F-41F8-8986-A897CEE39C2C}
	EndGlobalSection
EndGlobal
