
Microsoft Visual Studio Solution File, Format Version 12.00
# Visual Studio Version 16
VisualStudioVersion = 16.0.30309.148
MinimumVisualStudioVersion = 10.0.40219.1
Project("{FAE04EC0-301F-11D3-BF4B-00C04F79EFBC}") = "Ch06Ex04-2", "Ch06Ex04-2\Ch06Ex04-2.csproj", "{B26E3213-041F-4B50-878A-BF3AA086755B}"
EndProject
Global
	GlobalSection(SolutionConfigurationPlatforms) = preSolution
		Debug|Any CPU = Debug|Any CPU
		Release|Any CPU = Release|Any CPU
	EndGlobalSection
	GlobalSection(ProjectConfigurationPlatforms) = postSolution
		{B26E3213-041F-4B50-878A-BF3AA086755B}.Debug|Any CPU.ActiveCfg = Debug|Any CPU
		{B26E3213-041F-4B50-878A-BF3AA086755B}.Debug|Any CPU.Build.0 = Debug|Any CPU
		{B26E3213-041F-4B50-878A-BF3AA086755B}.Release|Any CPU.ActiveCfg = Release|Any CPU
		{B26E3213-041F-4B50-878A-BF3AA086755B}.Release|Any CPU.Build.0 = Release|Any CPU
	EndGlobalSection
	GlobalSection(SolutionProperties) = preSolution
		HideSolutionNode = FALSE
	EndGlobalSection
	GlobalSection(ExtensibilityGlobals) = postSolution
		SolutionGuid = {E419490E-385A-4D8E-8E3B-941B2AD3E6E1}
	EndGlobalSection
EndGlobal
