
Microsoft Visual Studio Solution File, Format Version 12.00
# Visual Studio Version 16
VisualStudioVersion = 16.0.30309.148
MinimumVisualStudioVersion = 10.0.40219.1
Project("{FAE04EC0-301F-11D3-BF4B-00C04F79EFBC}") = "Ch06Ex03", "Ch06Ex03\Ch06Ex03.csproj", "{4C0020F9-8685-40EB-90E7-BDA99F7652FB}"
EndProject
Global
	GlobalSection(SolutionConfigurationPlatforms) = preSolution
		Debug|Any CPU = Debug|Any CPU
		Release|Any CPU = Release|Any CPU
	EndGlobalSection
	GlobalSection(ProjectConfigurationPlatforms) = postSolution
		{4C0020F9-8685-40EB-90E7-BDA99F7652FB}.Debug|Any CPU.ActiveCfg = Debug|Any CPU
		{4C0020F9-8685-40EB-90E7-BDA99F7652FB}.Debug|Any CPU.Build.0 = Debug|Any CPU
		{4C0020F9-8685-40EB-90E7-BDA99F7652FB}.Release|Any CPU.ActiveCfg = Release|Any CPU
		{4C0020F9-8685-40EB-90E7-BDA99F7652FB}.Release|Any CPU.Build.0 = Release|Any CPU
	EndGlobalSection
	GlobalSection(SolutionProperties) = preSolution
		HideSolutionNode = FALSE
	EndGlobalSection
	GlobalSection(ExtensibilityGlobals) = postSolution
		SolutionGuid = {FA637481-3430-43A3-AA5F-82582CC98E12}
	EndGlobalSection
EndGlobal
